
Microsoft Visual Studio Solution File, Format Version 12.00
# Visual Studio Version 16
VisualStudioVersion = 16.0.30709.132
MinimumVisualStudioVersion = 10.0.40219.1
Project("{9A19103F-16F7-4668-BE54-9A1E7A4F7556}") = "Sms.Licensing.Core", "src\Server\Sms.Licensing.Core\Sms.Licensing.Core.csproj", "{751023C1-F1E6-4042-AC3F-897532A3C903}"
EndProject
Project("{9A19103F-16F7-4668-BE54-9A1E7A4F7556}") = "Sms.Licensing.Api", "src\Server\Sms.Licensing.Api\Sms.Licensing.Api.csproj", "{02529F64-F47C-4C20-8B66-718C717259D6}"
EndProject
Project("{9A19103F-16F7-4668-BE54-9A1E7A4F7556}") = "Sms.Licensing.Sdk.Client", "src\SDK\Sms.Licensing.Sdk.Client\Sms.Licensing.Sdk.Client.csproj", "{8E9D3EC7-9CFD-4090-89EE-2E2FC7221AD3}"
EndProject
Project("{2150E333-8FDC-42A3-9474-1A3956D46DE8}") = "Test", "Test", "{13F9D6D3-9368-4B21-A0DD-5C0A69ECB394}"
EndProject
Project("{9A19103F-16F7-4668-BE54-9A1E7A4F7556}") = "Sms.Licensing.Tests", "test\Sms.Licensing.Tests\Sms.Licensing.Tests.csproj", "{3CA143C9-FDD9-4ACB-8F74-8A4B707FB36B}"
EndProject
Project("{9A19103F-16F7-4668-BE54-9A1E7A4F7556}") = "Sms.Licensing.Infrastructure", "src\Server\Sms.Licensing.Infrastructure\Sms.Licensing.Infrastructure.csproj", "{7565B7CE-0DF7-4B11-9D4C-594C3D34B445}"
EndProject
Project("{9A19103F-16F7-4668-BE54-9A1E7A4F7556}") = "Sms.Licensing.Shared", "src\Common\Sms.Licensing.Shared\Sms.Licensing.Shared.csproj", "{36221217-99EE-4B16-90DB-4D54DC166FD4}"
EndProject
Project("{9A19103F-16F7-4668-BE54-9A1E7A4F7556}") = "Sms.Licensing.Client.Cli", "src\Client\Sms.Licensing.Client.Cli\Sms.Licensing.Client.Cli.csproj", "{6652A656-16EC-435F-8198-2615ACE6C8A2}"
EndProject
Project("{9A19103F-16F7-4668-BE54-9A1E7A4F7556}") = "Sms.Licensing.Web", "src\Server\Sms.Licensing.Web\Sms.Licensing.Web.csproj", "{9131462F-FC13-4A32-BCAE-5C29EFAFDCFC}"
EndProject
Project("{2150E333-8FDC-42A3-9474-1A3956D46DE8}") = "Server", "Server", "{5FAA1A21-F4B9-43AC-B813-78AC2013EECC}"
EndProject
Project("{2150E333-8FDC-42A3-9474-1A3956D46DE8}") = "Client", "Client", "{2B121CE6-8F7A-4467-A5F9-6751CD309CA6}"
EndProject
Project("{2150E333-8FDC-42A3-9474-1A3956D46DE8}") = "Common", "Common", "{37BE9133-2387-42DA-887B-1D9EBB732826}"
EndProject
Project("{9A19103F-16F7-4668-BE54-9A1E7A4F7556}") = "Sms.Licensing.Server.Cli", "src\Server\Sms.Licensing.Server.Cli\Sms.Licensing.Server.Cli.csproj", "{0AFC4A59-AE7D-457E-BA06-A01C74E325D6}"
EndProject
Project("{9A19103F-16F7-4668-BE54-9A1E7A4F7556}") = "Sms.Licensing.Sdk.Server", "src\SDK\Sms.Licensing.Sdk.Server\Sms.Licensing.Sdk.Server.csproj", "{5845336E-5DC5-4194-AC75-D738E8A199DF}"
EndProject
Project("{9A19103F-16F7-4668-BE54-9A1E7A4F7556}") = "Sms.Licensing.Client.Activator", "src\Client\Sms.Licensing.Client.Activator\Sms.Licensing.Client.Activator.csproj", "{2B46302A-FE17-4B45-8EE2-3C1E4B40DE91}"
EndProject
Project("{9A19103F-16F7-4668-BE54-9A1E7A4F7556}") = "Sms.IdentityServer", "src\Server\Sms.IdentityServer\Sms.IdentityServer.csproj", "{FBB73F1D-5C8B-47DA-B2A1-203A74800C42}"
EndProject
Project("{2150E333-8FDC-42A3-9474-1A3956D46DE8}") = "SDK", "SDK", "{166B391C-068D-4751-BC79-5EC1D9206F3C}"
EndProject
Global
	GlobalSection(SolutionConfigurationPlatforms) = preSolution
		Debug|Any CPU = Debug|Any CPU
		Release|Any CPU = Release|Any CPU
	EndGlobalSection
	GlobalSection(ProjectConfigurationPlatforms) = postSolution
		{751023C1-F1E6-4042-AC3F-897532A3C903}.Debug|Any CPU.ActiveCfg = Debug|Any CPU
		{751023C1-F1E6-4042-AC3F-897532A3C903}.Debug|Any CPU.Build.0 = Debug|Any CPU
		{751023C1-F1E6-4042-AC3F-897532A3C903}.Release|Any CPU.ActiveCfg = Release|Any CPU
		{751023C1-F1E6-4042-AC3F-897532A3C903}.Release|Any CPU.Build.0 = Release|Any CPU
		{02529F64-F47C-4C20-8B66-718C717259D6}.Debug|Any CPU.ActiveCfg = Debug|Any CPU
		{02529F64-F47C-4C20-8B66-718C717259D6}.Debug|Any CPU.Build.0 = Debug|Any CPU
		{02529F64-F47C-4C20-8B66-718C717259D6}.Release|Any CPU.ActiveCfg = Release|Any CPU
		{02529F64-F47C-4C20-8B66-718C717259D6}.Release|Any CPU.Build.0 = Release|Any CPU
		{8E9D3EC7-9CFD-4090-89EE-2E2FC7221AD3}.Debug|Any CPU.ActiveCfg = Debug|Any CPU
		{8E9D3EC7-9CFD-4090-89EE-2E2FC7221AD3}.Debug|Any CPU.Build.0 = Debug|Any CPU
		{8E9D3EC7-9CFD-4090-89EE-2E2FC7221AD3}.Release|Any CPU.ActiveCfg = Release|Any CPU
		{8E9D3EC7-9CFD-4090-89EE-2E2FC7221AD3}.Release|Any CPU.Build.0 = Release|Any CPU
		{3CA143C9-FDD9-4ACB-8F74-8A4B707FB36B}.Debug|Any CPU.ActiveCfg = Debug|Any CPU
		{3CA143C9-FDD9-4ACB-8F74-8A4B707FB36B}.Debug|Any CPU.Build.0 = Debug|Any CPU
		{3CA143C9-FDD9-4ACB-8F74-8A4B707FB36B}.Release|Any CPU.ActiveCfg = Release|Any CPU
		{3CA143C9-FDD9-4ACB-8F74-8A4B707FB36B}.Release|Any CPU.Build.0 = Release|Any CPU
		{7565B7CE-0DF7-4B11-9D4C-594C3D34B445}.Debug|Any CPU.ActiveCfg = Debug|Any CPU
		{7565B7CE-0DF7-4B11-9D4C-594C3D34B445}.Debug|Any CPU.Build.0 = Debug|Any CPU
		{7565B7CE-0DF7-4B11-9D4C-594C3D34B445}.Release|Any CPU.ActiveCfg = Release|Any CPU
		{7565B7CE-0DF7-4B11-9D4C-594C3D34B445}.Release|Any CPU.Build.0 = Release|Any CPU
		{36221217-99EE-4B16-90DB-4D54DC166FD4}.Debug|Any CPU.ActiveCfg = Debug|Any CPU
		{36221217-99EE-4B16-90DB-4D54DC166FD4}.Debug|Any CPU.Build.0 = Debug|Any CPU
		{36221217-99EE-4B16-90DB-4D54DC166FD4}.Release|Any CPU.ActiveCfg = Release|Any CPU
		{36221217-99EE-4B16-90DB-4D54DC166FD4}.Release|Any CPU.Build.0 = Release|Any CPU
		{6652A656-16EC-435F-8198-2615ACE6C8A2}.Debug|Any CPU.ActiveCfg = Debug|Any CPU
		{6652A656-16EC-435F-8198-2615ACE6C8A2}.Debug|Any CPU.Build.0 = Debug|Any CPU
		{6652A656-16EC-435F-8198-2615ACE6C8A2}.Release|Any CPU.ActiveCfg = Release|Any CPU
		{6652A656-16EC-435F-8198-2615ACE6C8A2}.Release|Any CPU.Build.0 = Release|Any CPU
		{9131462F-FC13-4A32-BCAE-5C29EFAFDCFC}.Debug|Any CPU.ActiveCfg = Debug|Any CPU
		{9131462F-FC13-4A32-BCAE-5C29EFAFDCFC}.Debug|Any CPU.Build.0 = Debug|Any CPU
		{9131462F-FC13-4A32-BCAE-5C29EFAFDCFC}.Release|Any CPU.ActiveCfg = Release|Any CPU
		{9131462F-FC13-4A32-BCAE-5C29EFAFDCFC}.Release|Any CPU.Build.0 = Release|Any CPU
		{0AFC4A59-AE7D-457E-BA06-A01C74E325D6}.Debug|Any CPU.ActiveCfg = Debug|Any CPU
		{0AFC4A59-AE7D-457E-BA06-A01C74E325D6}.Debug|Any CPU.Build.0 = Debug|Any CPU
		{0AFC4A59-AE7D-457E-BA06-A01C74E325D6}.Release|Any CPU.ActiveCfg = Release|Any CPU
		{0AFC4A59-AE7D-457E-BA06-A01C74E325D6}.Release|Any CPU.Build.0 = Release|Any CPU
		{5845336E-5DC5-4194-AC75-D738E8A199DF}.Debug|Any CPU.ActiveCfg = Debug|Any CPU
		{5845336E-5DC5-4194-AC75-D738E8A199DF}.Debug|Any CPU.Build.0 = Debug|Any CPU
		{5845336E-5DC5-4194-AC75-D738E8A199DF}.Release|Any CPU.ActiveCfg = Release|Any CPU
		{5845336E-5DC5-4194-AC75-D738E8A199DF}.Release|Any CPU.Build.0 = Release|Any CPU
		{2B46302A-FE17-4B45-8EE2-3C1E4B40DE91}.Debug|Any CPU.ActiveCfg = Debug|Any CPU
		{2B46302A-FE17-4B45-8EE2-3C1E4B40DE91}.Debug|Any CPU.Build.0 = Debug|Any CPU
		{2B46302A-FE17-4B45-8EE2-3C1E4B40DE91}.Release|Any CPU.ActiveCfg = Release|Any CPU
		{2B46302A-FE17-4B45-8EE2-3C1E4B40DE91}.Release|Any CPU.Build.0 = Release|Any CPU
		{FBB73F1D-5C8B-47DA-B2A1-203A74800C42}.Debug|Any CPU.ActiveCfg = Debug|Any CPU
		{FBB73F1D-5C8B-47DA-B2A1-203A74800C42}.Debug|Any CPU.Build.0 = Debug|Any CPU
		{FBB73F1D-5C8B-47DA-B2A1-203A74800C42}.Release|Any CPU.ActiveCfg = Release|Any CPU
		{FBB73F1D-5C8B-47DA-B2A1-203A74800C42}.Release|Any CPU.Build.0 = Release|Any CPU
	EndGlobalSection
	GlobalSection(SolutionProperties) = preSolution
		HideSolutionNode = FALSE
	EndGlobalSection
	GlobalSection(NestedProjects) = preSolution
		{751023C1-F1E6-4042-AC3F-897532A3C903} = {5FAA1A21-F4B9-43AC-B813-78AC2013EECC}
		{02529F64-F47C-4C20-8B66-718C717259D6} = {5FAA1A21-F4B9-43AC-B813-78AC2013EECC}
		{8E9D3EC7-9CFD-4090-89EE-2E2FC7221AD3} = {166B391C-068D-4751-BC79-5EC1D9206F3C}
		{3CA143C9-FDD9-4ACB-8F74-8A4B707FB36B} = {13F9D6D3-9368-4B21-A0DD-5C0A69ECB394}
		{7565B7CE-0DF7-4B11-9D4C-594C3D34B445} = {5FAA1A21-F4B9-43AC-B813-78AC2013EECC}
		{36221217-99EE-4B16-90DB-4D54DC166FD4} = {37BE9133-2387-42DA-887B-1D9EBB732826}
		{6652A656-16EC-435F-8198-2615ACE6C8A2} = {2B121CE6-8F7A-4467-A5F9-6751CD309CA6}
		{9131462F-FC13-4A32-BCAE-5C29EFAFDCFC} = {5FAA1A21-F4B9-43AC-B813-78AC2013EECC}
		{0AFC4A59-AE7D-457E-BA06-A01C74E325D6} = {5FAA1A21-F4B9-43AC-B813-78AC2013EECC}
		{5845336E-5DC5-4194-AC75-D738E8A199DF} = {166B391C-068D-4751-BC79-5EC1D9206F3C}
		{2B46302A-FE17-4B45-8EE2-3C1E4B40DE91} = {2B121CE6-8F7A-4467-A5F9-6751CD309CA6}
		{FBB73F1D-5C8B-47DA-B2A1-203A74800C42} = {5FAA1A21-F4B9-43AC-B813-78AC2013EECC}
	EndGlobalSection
	GlobalSection(ExtensibilityGlobals) = postSolution
		SolutionGuid = {6B386D6E-241D-44AF-B927-BF34AAF0C31A}
	EndGlobalSection
EndGlobal
